{
  "name": "shipproof",
  "version": "0.3.0",
  "lockfileVersion": 3,
  "requires": true,
  "packages": {
    "": {
      "name": "shipproof",
      "version": "0.3.0",
      "license": "MIT",
      "bin": {
        "shipproof": "bin/shipproof.js"
      },
      "engines": {
        "node": ">=20"
      }
    }
  }
}
